
Microsoft Visual Studio Solution File, Format Version 12.00
# Visual Studio Version 16
VisualStudioVersion = 16.0.810.17
MinimumVisualStudioVersion = 10.0.40219.1
Project("{FAE04EC0-301F-11D3-BF4B-00C04F79EFBC}") = "CodingExcercise", "CodingExcercise\CodingExcercise.csproj", "{E5768E0E-02FC-45C9-9D08-2A0F2172CB03}"
EndProject
Project("{FAE04EC0-301F-11D3-BF4B-00C04F79EFBC}") = "CodingExcerciseTest", "CodingExcerciseTest\CodingExcerciseTest.csproj", "{220DCB0C-BE71-4FD2-83CE-D92280323465}"
EndProject
Global
	GlobalSection(SolutionConfigurationPlatforms) = preSolution
		Debug|Any CPU = Debug|Any CPU
		Release|Any CPU = Release|Any CPU
	EndGlobalSection
	GlobalSection(ProjectConfigurationPlatforms) = postSolution
		{E5768E0E-02FC-45C9-9D08-2A0F2172CB03}.Debug|Any CPU.ActiveCfg = Debug|Any CPU
		{E5768E0E-02FC-45C9-9D08-2A0F2172CB03}.Debug|Any CPU.Build.0 = Debug|Any CPU
		{E5768E0E-02FC-45C9-9D08-2A0F2172CB03}.Release|Any CPU.ActiveCfg = Release|Any CPU
		{E5768E0E-02FC-45C9-9D08-2A0F2172CB03}.Release|Any CPU.Build.0 = Release|Any CPU
		{220DCB0C-BE71-4FD2-83CE-D92280323465}.Debug|Any CPU.ActiveCfg = Debug|Any CPU
		{220DCB0C-BE71-4FD2-83CE-D92280323465}.Debug|Any CPU.Build.0 = Debug|Any CPU
		{220DCB0C-BE71-4FD2-83CE-D92280323465}.Release|Any CPU.ActiveCfg = Release|Any CPU
		{220DCB0C-BE71-4FD2-83CE-D92280323465}.Release|Any CPU.Build.0 = Release|Any CPU
	EndGlobalSection
	GlobalSection(SolutionProperties) = preSolution
		HideSolutionNode = FALSE
	EndGlobalSection
	GlobalSection(ExtensibilityGlobals) = postSolution
		SolutionGuid = {289F3441-6E09-4E61-950A-0780023B66BF}
	EndGlobalSection
EndGlobal
